
Microsoft Visual Studio Solution File, Format Version 12.00
# Visual Studio Version 17
VisualStudioVersion = 17.2.32526.322
MinimumVisualStudioVersion = 10.0.40219.1
Project("{2150E333-8FDC-42A3-9474-1A3956D46DE8}") = "Services", "Services", "{CCD8453F-3587-4B34-ACEB-4FCFF32089D8}"
EndProject
Project("{2150E333-8FDC-42A3-9474-1A3956D46DE8}") = "Catalog", "Catalog", "{B4A8C347-4161-46A0-8A84-F55D42C2FBD2}"
EndProject
Project("{9A19103F-16F7-4668-BE54-9A1E7A4F7556}") = "FreeCourse.Services.Catalog", "Services\Catalog\FreeCourse.Services.Catalog\FreeCourse.Services.Catalog.csproj", "{2D6CAC5C-93FA-4762-815D-2F80A7F597F7}"
EndProject
Project("{2150E333-8FDC-42A3-9474-1A3956D46DE8}") = "Solution Items", "Solution Items", "{07747AE7-C94E-4D3B-BCC1-D765DA6D6298}"
	ProjectSection(SolutionItems) = preProject
		Ports.txt = Ports.txt
	EndProjectSection
EndProject
Project("{2150E333-8FDC-42A3-9474-1A3956D46DE8}") = "Shared", "Shared", "{E5729F8F-F147-45A6-85DA-0C5ADD4777ED}"
EndProject
Project("{9A19103F-16F7-4668-BE54-9A1E7A4F7556}") = "FreeCourse.Shared", "Shared\FreeCourse.Shared\FreeCourse.Shared\FreeCourse.Shared.csproj", "{849F6E27-AAC6-43F3-ABC3-E384E88D4160}"
EndProject
Project("{2150E333-8FDC-42A3-9474-1A3956D46DE8}") = "IdentityServer", "IdentityServer", "{D7DEC0FB-2491-4A68-94EE-9A4256195791}"
EndProject
Project("{9A19103F-16F7-4668-BE54-9A1E7A4F7556}") = "FreeCourse.IdentityServer", "IdentityServer\FreeCourse.IdentityServer\FreeCourse.IdentityServer.csproj", "{A6C58F53-2A26-4F74-88FC-20E15D8F3FD8}"
EndProject
Global
	GlobalSection(SolutionConfigurationPlatforms) = preSolution
		Debug|Any CPU = Debug|Any CPU
		Release|Any CPU = Release|Any CPU
	EndGlobalSection
	GlobalSection(ProjectConfigurationPlatforms) = postSolution
		{2D6CAC5C-93FA-4762-815D-2F80A7F597F7}.Debug|Any CPU.ActiveCfg = Debug|Any CPU
		{2D6CAC5C-93FA-4762-815D-2F80A7F597F7}.Debug|Any CPU.Build.0 = Debug|Any CPU
		{2D6CAC5C-93FA-4762-815D-2F80A7F597F7}.Release|Any CPU.ActiveCfg = Release|Any CPU
		{2D6CAC5C-93FA-4762-815D-2F80A7F597F7}.Release|Any CPU.Build.0 = Release|Any CPU
		{849F6E27-AAC6-43F3-ABC3-E384E88D4160}.Debug|Any CPU.ActiveCfg = Debug|Any CPU
		{849F6E27-AAC6-43F3-ABC3-E384E88D4160}.Debug|Any CPU.Build.0 = Debug|Any CPU
		{849F6E27-AAC6-43F3-ABC3-E384E88D4160}.Release|Any CPU.ActiveCfg = Release|Any CPU
		{849F6E27-AAC6-43F3-ABC3-E384E88D4160}.Release|Any CPU.Build.0 = Release|Any CPU
		{A6C58F53-2A26-4F74-88FC-20E15D8F3FD8}.Debug|Any CPU.ActiveCfg = Debug|Any CPU
		{A6C58F53-2A26-4F74-88FC-20E15D8F3FD8}.Debug|Any CPU.Build.0 = Debug|Any CPU
		{A6C58F53-2A26-4F74-88FC-20E15D8F3FD8}.Release|Any CPU.ActiveCfg = Release|Any CPU
		{A6C58F53-2A26-4F74-88FC-20E15D8F3FD8}.Release|Any CPU.Build.0 = Release|Any CPU
	EndGlobalSection
	GlobalSection(SolutionProperties) = preSolution
		HideSolutionNode = FALSE
	EndGlobalSection
	GlobalSection(NestedProjects) = preSolution
		{B4A8C347-4161-46A0-8A84-F55D42C2FBD2} = {CCD8453F-3587-4B34-ACEB-4FCFF32089D8}
		{2D6CAC5C-93FA-4762-815D-2F80A7F597F7} = {B4A8C347-4161-46A0-8A84-F55D42C2FBD2}
		{849F6E27-AAC6-43F3-ABC3-E384E88D4160} = {E5729F8F-F147-45A6-85DA-0C5ADD4777ED}
		{A6C58F53-2A26-4F74-88FC-20E15D8F3FD8} = {D7DEC0FB-2491-4A68-94EE-9A4256195791}
	EndGlobalSection
	GlobalSection(ExtensibilityGlobals) = postSolution
		SolutionGuid = {D8F11F3F-BA7D-427D-8968-312DFAC21FED}
	EndGlobalSection
EndGlobal
