
Microsoft Visual Studio Solution File, Format Version 12.00
# Visual Studio Version 17
VisualStudioVersion = 17.2.32526.322
MinimumVisualStudioVersion = 10.0.40219.1
Project("{2150E333-8FDC-42A3-9474-1A3956D46DE8}") = "Services", "Services", "{CCD8453F-3587-4B34-ACEB-4FCFF32089D8}"
EndProject
Project("{2150E333-8FDC-42A3-9474-1A3956D46DE8}") = "Catalog", "Catalog", "{B4A8C347-4161-46A0-8A84-F55D42C2FBD2}"
EndProject
Project("{9A19103F-16F7-4668-BE54-9A1E7A4F7556}") = "FreeCourse.Services.Catalog", "Services\Catalog\FreeCourse.Services.Catalog\FreeCourse.Services.Catalog.csproj", "{2D6CAC5C-93FA-4762-815D-2F80A7F597F7}"
EndProject
Project("{2150E333-8FDC-42A3-9474-1A3956D46DE8}") = "Solution Items", "Solution Items", "{07747AE7-C94E-4D3B-BCC1-D765DA6D6298}"
	ProjectSection(SolutionItems) = preProject
		Ports.txt = Ports.txt
	EndProjectSection
EndProject
Project("{2150E333-8FDC-42A3-9474-1A3956D46DE8}") = "Shared", "Shared", "{E5729F8F-F147-45A6-85DA-0C5ADD4777ED}"
EndProject
Project("{9A19103F-16F7-4668-BE54-9A1E7A4F7556}") = "FreeCourse.Shared", "Shared\FreeCourse.Shared\FreeCourse.Shared\FreeCourse.Shared.csproj", "{849F6E27-AAC6-43F3-ABC3-E384E88D4160}"
EndProject
Project("{2150E333-8FDC-42A3-9474-1A3956D46DE8}") = "IdentityServer", "IdentityServer", "{D7DEC0FB-2491-4A68-94EE-9A4256195791}"
EndProject
Project("{9A19103F-16F7-4668-BE54-9A1E7A4F7556}") = "FreeCourse.IdentityServer", "IdentityServer\FreeCourse.IdentityServer\FreeCourse.IdentityServer.csproj", "{A6C58F53-2A26-4F74-88FC-20E15D8F3FD8}"
EndProject
Project("{2150E333-8FDC-42A3-9474-1A3956D46DE8}") = "PhotoStock", "PhotoStock", "{A82D9CDE-A141-49E2-80BA-87843AD07B05}"
EndProject
Project("{9A19103F-16F7-4668-BE54-9A1E7A4F7556}") = "FreeCourse.Services.PhotoStock", "Services\Photostock\FreeCourse.Services.PhotoStock\FreeCourse.Services.PhotoStock.csproj", "{012CA725-D991-4142-B339-D0B1F5FEAF63}"
EndProject
Project("{2150E333-8FDC-42A3-9474-1A3956D46DE8}") = "Basket", "Basket", "{B52F5BD9-7250-495D-A04A-4F0FA8EF1548}"
EndProject
Project("{9A19103F-16F7-4668-BE54-9A1E7A4F7556}") = "FreeCourse.Services.Basket", "Services\Basket\FreeCourse.Services.Basket\FreeCourse.Services.Basket.csproj", "{C334DD52-A3E7-4563-897A-3A2A8273B940}"
EndProject
Project("{2150E333-8FDC-42A3-9474-1A3956D46DE8}") = "Discount", "Discount", "{3795ABEC-EC14-48DD-B1D5-548338D108DD}"
EndProject
Project("{9A19103F-16F7-4668-BE54-9A1E7A4F7556}") = "FreeCourse.Services.Discount", "Services\Discount\FreeCourse.Services.Discount\FreeCourse.Services.Discount.csproj", "{44320462-029A-4919-ADA2-8FA0A2165B43}"
EndProject
Project("{2150E333-8FDC-42A3-9474-1A3956D46DE8}") = "Order", "Order", "{88BC8758-B0AC-4AF6-B3A9-BA7158C85244}"
EndProject
Project("{9A19103F-16F7-4668-BE54-9A1E7A4F7556}") = "FreeCourse.Services.Order.Application", "Services\Order\FreeCourse.Services.Order.Application\FreeCourse.Services.Order.Application.csproj", "{3F93C88F-804D-4919-9746-954D3E949CF7}"
EndProject
Project("{9A19103F-16F7-4668-BE54-9A1E7A4F7556}") = "FreeCourse.Services.Order.Domain", "Services\Order\FreeCourse.Services.Order.Domain\FreeCourse.Services.Order.Domain.csproj", "{F36E3564-5165-44ED-8477-22A3978132C2}"
EndProject
Project("{9A19103F-16F7-4668-BE54-9A1E7A4F7556}") = "FreeCourse.Services.Order.Domain.Core", "Services\Order\FreeCourse.Services.Order.Domain.Core\FreeCourse.Services.Order.Domain.Core.csproj", "{DA272060-7920-438F-BE3F-259E162BFDCD}"
EndProject
Project("{9A19103F-16F7-4668-BE54-9A1E7A4F7556}") = "FreeCourse.Services.Order.Infrastructure", "Services\Order\FreeCourse.Services.Order.Infrastructure\FreeCourse.Services.Order.Infrastructure.csproj", "{1E295051-6F58-4AD2-8FCE-4FB2A3C22C36}"
EndProject
Project("{9A19103F-16F7-4668-BE54-9A1E7A4F7556}") = "FreeCourse.Services.Order.API", "Services\Order\FreeCourse.Services.Order.API\FreeCourse.Services.Order.API.csproj", "{BAC483CC-59BA-4ABA-B71E-F42291B5D84A}"
EndProject
Project("{2150E333-8FDC-42A3-9474-1A3956D46DE8}") = "FakePayment", "FakePayment", "{D427BF32-D743-4B1E-8715-CADCC557F686}"
EndProject
Project("{9A19103F-16F7-4668-BE54-9A1E7A4F7556}") = "FreeCourse.Services.FakePayment", "Services\FakePayment\FreeCourse.Services.FakePayment\FreeCourse.Services.FakePayment.csproj", "{A3A6D554-C252-45CE-9987-1108B08E5539}"
EndProject
Project("{2150E333-8FDC-42A3-9474-1A3956D46DE8}") = "Gateways", "Gateways", "{46D24EF9-FB95-4AF1-83AE-7F5793EE8F5E}"
EndProject
Project("{9A19103F-16F7-4668-BE54-9A1E7A4F7556}") = "FreeCourse.Gateway", "FreeCourse.Gateway\FreeCourse.Gateway.csproj", "{6F8EDAAF-4E35-4988-B5DB-AF0E00E38329}"
EndProject
Project("{2150E333-8FDC-42A3-9474-1A3956D46DE8}") = "Frontends", "Frontends", "{4AC4F5D5-F26D-4FE1-9FCF-B1C0039F15E1}"
EndProject
Project("{FAE04EC0-301F-11D3-BF4B-00C04F79EFBC}") = "FreeCourse.Web", "Frontends\FreeCourse.Web\FreeCourse.Web.csproj", "{D80C7BC1-9476-4555-B461-930FEB298259}"
EndProject
Global
	GlobalSection(SolutionConfigurationPlatforms) = preSolution
		Debug|Any CPU = Debug|Any CPU
		Release|Any CPU = Release|Any CPU
	EndGlobalSection
	GlobalSection(ProjectConfigurationPlatforms) = postSolution
		{2D6CAC5C-93FA-4762-815D-2F80A7F597F7}.Debug|Any CPU.ActiveCfg = Debug|Any CPU
		{2D6CAC5C-93FA-4762-815D-2F80A7F597F7}.Debug|Any CPU.Build.0 = Debug|Any CPU
		{2D6CAC5C-93FA-4762-815D-2F80A7F597F7}.Release|Any CPU.ActiveCfg = Release|Any CPU
		{2D6CAC5C-93FA-4762-815D-2F80A7F597F7}.Release|Any CPU.Build.0 = Release|Any CPU
		{849F6E27-AAC6-43F3-ABC3-E384E88D4160}.Debug|Any CPU.ActiveCfg = Debug|Any CPU
		{849F6E27-AAC6-43F3-ABC3-E384E88D4160}.Debug|Any CPU.Build.0 = Debug|Any CPU
		{849F6E27-AAC6-43F3-ABC3-E384E88D4160}.Release|Any CPU.ActiveCfg = Release|Any CPU
		{849F6E27-AAC6-43F3-ABC3-E384E88D4160}.Release|Any CPU.Build.0 = Release|Any CPU
		{A6C58F53-2A26-4F74-88FC-20E15D8F3FD8}.Debug|Any CPU.ActiveCfg = Debug|Any CPU
		{A6C58F53-2A26-4F74-88FC-20E15D8F3FD8}.Debug|Any CPU.Build.0 = Debug|Any CPU
		{A6C58F53-2A26-4F74-88FC-20E15D8F3FD8}.Release|Any CPU.ActiveCfg = Release|Any CPU
		{A6C58F53-2A26-4F74-88FC-20E15D8F3FD8}.Release|Any CPU.Build.0 = Release|Any CPU
		{012CA725-D991-4142-B339-D0B1F5FEAF63}.Debug|Any CPU.ActiveCfg = Debug|Any CPU
		{012CA725-D991-4142-B339-D0B1F5FEAF63}.Debug|Any CPU.Build.0 = Debug|Any CPU
		{012CA725-D991-4142-B339-D0B1F5FEAF63}.Release|Any CPU.ActiveCfg = Release|Any CPU
		{012CA725-D991-4142-B339-D0B1F5FEAF63}.Release|Any CPU.Build.0 = Release|Any CPU
		{C334DD52-A3E7-4563-897A-3A2A8273B940}.Debug|Any CPU.ActiveCfg = Debug|Any CPU
		{C334DD52-A3E7-4563-897A-3A2A8273B940}.Debug|Any CPU.Build.0 = Debug|Any CPU
		{C334DD52-A3E7-4563-897A-3A2A8273B940}.Release|Any CPU.ActiveCfg = Release|Any CPU
		{C334DD52-A3E7-4563-897A-3A2A8273B940}.Release|Any CPU.Build.0 = Release|Any CPU
		{44320462-029A-4919-ADA2-8FA0A2165B43}.Debug|Any CPU.ActiveCfg = Debug|Any CPU
		{44320462-029A-4919-ADA2-8FA0A2165B43}.Debug|Any CPU.Build.0 = Debug|Any CPU
		{44320462-029A-4919-ADA2-8FA0A2165B43}.Release|Any CPU.ActiveCfg = Release|Any CPU
		{44320462-029A-4919-ADA2-8FA0A2165B43}.Release|Any CPU.Build.0 = Release|Any CPU
		{3F93C88F-804D-4919-9746-954D3E949CF7}.Debug|Any CPU.ActiveCfg = Debug|Any CPU
		{3F93C88F-804D-4919-9746-954D3E949CF7}.Debug|Any CPU.Build.0 = Debug|Any CPU
		{3F93C88F-804D-4919-9746-954D3E949CF7}.Release|Any CPU.ActiveCfg = Release|Any CPU
		{3F93C88F-804D-4919-9746-954D3E949CF7}.Release|Any CPU.Build.0 = Release|Any CPU
		{F36E3564-5165-44ED-8477-22A3978132C2}.Debug|Any CPU.ActiveCfg = Debug|Any CPU
		{F36E3564-5165-44ED-8477-22A3978132C2}.Debug|Any CPU.Build.0 = Debug|Any CPU
		{F36E3564-5165-44ED-8477-22A3978132C2}.Release|Any CPU.ActiveCfg = Release|Any CPU
		{F36E3564-5165-44ED-8477-22A3978132C2}.Release|Any CPU.Build.0 = Release|Any CPU
		{DA272060-7920-438F-BE3F-259E162BFDCD}.Debug|Any CPU.ActiveCfg = Debug|Any CPU
		{DA272060-7920-438F-BE3F-259E162BFDCD}.Debug|Any CPU.Build.0 = Debug|Any CPU
		{DA272060-7920-438F-BE3F-259E162BFDCD}.Release|Any CPU.ActiveCfg = Release|Any CPU
		{DA272060-7920-438F-BE3F-259E162BFDCD}.Release|Any CPU.Build.0 = Release|Any CPU
		{1E295051-6F58-4AD2-8FCE-4FB2A3C22C36}.Debug|Any CPU.ActiveCfg = Debug|Any CPU
		{1E295051-6F58-4AD2-8FCE-4FB2A3C22C36}.Debug|Any CPU.Build.0 = Debug|Any CPU
		{1E295051-6F58-4AD2-8FCE-4FB2A3C22C36}.Release|Any CPU.ActiveCfg = Release|Any CPU
		{1E295051-6F58-4AD2-8FCE-4FB2A3C22C36}.Release|Any CPU.Build.0 = Release|Any CPU
		{BAC483CC-59BA-4ABA-B71E-F42291B5D84A}.Debug|Any CPU.ActiveCfg = Debug|Any CPU
		{BAC483CC-59BA-4ABA-B71E-F42291B5D84A}.Debug|Any CPU.Build.0 = Debug|Any CPU
		{BAC483CC-59BA-4ABA-B71E-F42291B5D84A}.Release|Any CPU.ActiveCfg = Release|Any CPU
		{BAC483CC-59BA-4ABA-B71E-F42291B5D84A}.Release|Any CPU.Build.0 = Release|Any CPU
		{A3A6D554-C252-45CE-9987-1108B08E5539}.Debug|Any CPU.ActiveCfg = Debug|Any CPU
		{A3A6D554-C252-45CE-9987-1108B08E5539}.Debug|Any CPU.Build.0 = Debug|Any CPU
		{A3A6D554-C252-45CE-9987-1108B08E5539}.Release|Any CPU.ActiveCfg = Release|Any CPU
		{A3A6D554-C252-45CE-9987-1108B08E5539}.Release|Any CPU.Build.0 = Release|Any CPU
		{6F8EDAAF-4E35-4988-B5DB-AF0E00E38329}.Debug|Any CPU.ActiveCfg = Debug|Any CPU
		{6F8EDAAF-4E35-4988-B5DB-AF0E00E38329}.Debug|Any CPU.Build.0 = Debug|Any CPU
		{6F8EDAAF-4E35-4988-B5DB-AF0E00E38329}.Release|Any CPU.ActiveCfg = Release|Any CPU
		{6F8EDAAF-4E35-4988-B5DB-AF0E00E38329}.Release|Any CPU.Build.0 = Release|Any CPU
		{D80C7BC1-9476-4555-B461-930FEB298259}.Debug|Any CPU.ActiveCfg = Debug|Any CPU
		{D80C7BC1-9476-4555-B461-930FEB298259}.Debug|Any CPU.Build.0 = Debug|Any CPU
		{D80C7BC1-9476-4555-B461-930FEB298259}.Release|Any CPU.ActiveCfg = Release|Any CPU
		{D80C7BC1-9476-4555-B461-930FEB298259}.Release|Any CPU.Build.0 = Release|Any CPU
	EndGlobalSection
	GlobalSection(SolutionProperties) = preSolution
		HideSolutionNode = FALSE
	EndGlobalSection
	GlobalSection(NestedProjects) = preSolution
		{B4A8C347-4161-46A0-8A84-F55D42C2FBD2} = {CCD8453F-3587-4B34-ACEB-4FCFF32089D8}
		{2D6CAC5C-93FA-4762-815D-2F80A7F597F7} = {B4A8C347-4161-46A0-8A84-F55D42C2FBD2}
		{849F6E27-AAC6-43F3-ABC3-E384E88D4160} = {E5729F8F-F147-45A6-85DA-0C5ADD4777ED}
		{A6C58F53-2A26-4F74-88FC-20E15D8F3FD8} = {D7DEC0FB-2491-4A68-94EE-9A4256195791}
		{A82D9CDE-A141-49E2-80BA-87843AD07B05} = {CCD8453F-3587-4B34-ACEB-4FCFF32089D8}
		{012CA725-D991-4142-B339-D0B1F5FEAF63} = {A82D9CDE-A141-49E2-80BA-87843AD07B05}
		{B52F5BD9-7250-495D-A04A-4F0FA8EF1548} = {CCD8453F-3587-4B34-ACEB-4FCFF32089D8}
		{C334DD52-A3E7-4563-897A-3A2A8273B940} = {B52F5BD9-7250-495D-A04A-4F0FA8EF1548}
		{3795ABEC-EC14-48DD-B1D5-548338D108DD} = {CCD8453F-3587-4B34-ACEB-4FCFF32089D8}
		{44320462-029A-4919-ADA2-8FA0A2165B43} = {3795ABEC-EC14-48DD-B1D5-548338D108DD}
		{88BC8758-B0AC-4AF6-B3A9-BA7158C85244} = {CCD8453F-3587-4B34-ACEB-4FCFF32089D8}
		{3F93C88F-804D-4919-9746-954D3E949CF7} = {88BC8758-B0AC-4AF6-B3A9-BA7158C85244}
		{F36E3564-5165-44ED-8477-22A3978132C2} = {88BC8758-B0AC-4AF6-B3A9-BA7158C85244}
		{DA272060-7920-438F-BE3F-259E162BFDCD} = {88BC8758-B0AC-4AF6-B3A9-BA7158C85244}
		{1E295051-6F58-4AD2-8FCE-4FB2A3C22C36} = {88BC8758-B0AC-4AF6-B3A9-BA7158C85244}
		{BAC483CC-59BA-4ABA-B71E-F42291B5D84A} = {88BC8758-B0AC-4AF6-B3A9-BA7158C85244}
		{D427BF32-D743-4B1E-8715-CADCC557F686} = {CCD8453F-3587-4B34-ACEB-4FCFF32089D8}
		{A3A6D554-C252-45CE-9987-1108B08E5539} = {D427BF32-D743-4B1E-8715-CADCC557F686}
		{6F8EDAAF-4E35-4988-B5DB-AF0E00E38329} = {46D24EF9-FB95-4AF1-83AE-7F5793EE8F5E}
		{D80C7BC1-9476-4555-B461-930FEB298259} = {4AC4F5D5-F26D-4FE1-9FCF-B1C0039F15E1}
	EndGlobalSection
	GlobalSection(ExtensibilityGlobals) = postSolution
		SolutionGuid = {D8F11F3F-BA7D-427D-8968-312DFAC21FED}
	EndGlobalSection
EndGlobal
